
Microsoft Visual Studio Solution File, Format Version 12.00
# Visual Studio Version 17
VisualStudioVersion = 17.4.33213.308
MinimumVisualStudioVersion = 10.0.40219.1
Project("{9A19103F-16F7-4668-BE54-9A1E7A4F7556}") = "UserRegistrationProblem", "UserRegistrationProblem\UserRegistrationProblem.csproj", "{870175CB-5685-4D9B-9F3F-2E893809006D}"
EndProject
Project("{FAE04EC0-301F-11D3-BF4B-00C04F79EFBC}") = "ValidateMSTest", "ValidateMSTest\ValidateMSTest.csproj", "{D20C00D2-8648-43B9-9689-E14BB2AD03FA}"
EndProject
Global
	GlobalSection(SolutionConfigurationPlatforms) = preSolution
		Debug|Any CPU = Debug|Any CPU
		Release|Any CPU = Release|Any CPU
	EndGlobalSection
	GlobalSection(ProjectConfigurationPlatforms) = postSolution
		{870175CB-5685-4D9B-9F3F-2E893809006D}.Debug|Any CPU.ActiveCfg = Debug|Any CPU
		{870175CB-5685-4D9B-9F3F-2E893809006D}.Debug|Any CPU.Build.0 = Debug|Any CPU
		{870175CB-5685-4D9B-9F3F-2E893809006D}.Release|Any CPU.ActiveCfg = Release|Any CPU
		{870175CB-5685-4D9B-9F3F-2E893809006D}.Release|Any CPU.Build.0 = Release|Any CPU
		{D20C00D2-8648-43B9-9689-E14BB2AD03FA}.Debug|Any CPU.ActiveCfg = Debug|Any CPU
		{D20C00D2-8648-43B9-9689-E14BB2AD03FA}.Debug|Any CPU.Build.0 = Debug|Any CPU
		{D20C00D2-8648-43B9-9689-E14BB2AD03FA}.Release|Any CPU.ActiveCfg = Release|Any CPU
		{D20C00D2-8648-43B9-9689-E14BB2AD03FA}.Release|Any CPU.Build.0 = Release|Any CPU
	EndGlobalSection
	GlobalSection(SolutionProperties) = preSolution
		HideSolutionNode = FALSE
	EndGlobalSection
	GlobalSection(ExtensibilityGlobals) = postSolution
		SolutionGuid = {114A2A83-B40F-476F-A533-F33609828EA3}
	EndGlobalSection
EndGlobal
